
Microsoft Visual Studio Solution File, Format Version 12.00
# Visual Studio 15
VisualStudioVersion = 15.0.26430.13
MinimumVisualStudioVersion = 10.0.40219.1
Project("{9A19103F-16F7-4668-BE54-9A1E7A4F7556}") = "White", "White.csproj", "{C56E70AF-80B2-4186-9D2B-9F8D825171CC}"
EndProject
Global
	GlobalSection(SolutionConfigurationPlatforms) = preSolution
		Debug|Any CPU = Debug|Any CPU
		Release|Any CPU = Release|Any CPU
	EndGlobalSection
	GlobalSection(ProjectConfigurationPlatforms) = postSolution
		{C56E70AF-80B2-4186-9D2B-9F8D825171CC}.Debug|Any CPU.ActiveCfg = Debug|Any CPU
		{C56E70AF-80B2-4186-9D2B-9F8D825171CC}.Debug|Any CPU.Build.0 = Debug|Any CPU
		{C56E70AF-80B2-4186-9D2B-9F8D825171CC}.Release|Any CPU.ActiveCfg = Release|Any CPU
		{C56E70AF-80B2-4186-9D2B-9F8D825171CC}.Release|Any CPU.Build.0 = Release|Any CPU
	EndGlobalSection
	GlobalSection(SolutionProperties) = preSolution
		HideSolutionNode = FALSE
	EndGlobalSection
EndGlobal
